
Microsoft Visual Studio Solution File, Format Version 12.00
# Visual Studio 15
Project("{FAE04EC0-301F-11D3-BF4B-00C04F79EFBC}") = "Assembly-CSharp-firstpass", "Assembly-CSharp-firstpass.csproj", "{3C8CD90B-5487-5E38-4F98-FEC07133BF0A}"
EndProject
Project("{FAE04EC0-301F-11D3-BF4B-00C04F79EFBC}") = "Assembly-CSharp", "Assembly-CSharp.csproj", "{27E04ABD-4DD0-D770-258C-D19780FE778E}"
EndProject
Project("{FAE04EC0-301F-11D3-BF4B-00C04F79EFBC}") = "Assembly-CSharp-Editor-firstpass", "Assembly-CSharp-Editor-firstpass.csproj", "{2B2D41F2-1AB7-765B-C5FD-B1C0043DBD0D}"
EndProject
Global
	GlobalSection(SolutionConfigurationPlatforms) = preSolution
		Debug|Any CPU = Debug|Any CPU
		Release|Any CPU = Release|Any CPU
	EndGlobalSection
	GlobalSection(ProjectConfigurationPlatforms) = postSolution
		{3C8CD90B-5487-5E38-4F98-FEC07133BF0A}.Debug|Any CPU.ActiveCfg = Debug|Any CPU
		{3C8CD90B-5487-5E38-4F98-FEC07133BF0A}.Debug|Any CPU.Build.0 = Debug|Any CPU
		{3C8CD90B-5487-5E38-4F98-FEC07133BF0A}.Release|Any CPU.ActiveCfg = Release|Any CPU
		{3C8CD90B-5487-5E38-4F98-FEC07133BF0A}.Release|Any CPU.Build.0 = Release|Any CPU
		{27E04ABD-4DD0-D770-258C-D19780FE778E}.Debug|Any CPU.ActiveCfg = Debug|Any CPU
		{27E04ABD-4DD0-D770-258C-D19780FE778E}.Debug|Any CPU.Build.0 = Debug|Any CPU
		{27E04ABD-4DD0-D770-258C-D19780FE778E}.Release|Any CPU.ActiveCfg = Release|Any CPU
		{27E04ABD-4DD0-D770-258C-D19780FE778E}.Release|Any CPU.Build.0 = Release|Any CPU
		{2B2D41F2-1AB7-765B-C5FD-B1C0043DBD0D}.Debug|Any CPU.ActiveCfg = Debug|Any CPU
		{2B2D41F2-1AB7-765B-C5FD-B1C0043DBD0D}.Debug|Any CPU.Build.0 = Debug|Any CPU
		{2B2D41F2-1AB7-765B-C5FD-B1C0043DBD0D}.Release|Any CPU.ActiveCfg = Release|Any CPU
		{2B2D41F2-1AB7-765B-C5FD-B1C0043DBD0D}.Release|Any CPU.Build.0 = Release|Any CPU
	EndGlobalSection
	GlobalSection(SolutionProperties) = preSolution
		HideSolutionNode = FALSE
	EndGlobalSection
EndGlobal
